{
  "version": 4,
  "terraform_version": "1.7.3",
  "serial": 38,
  "lineage": "6aef48b5-0675-5cd7-4f90-f95385a7d262",
  "outputs": {},
  "resources": [
    {
      "mode": "managed",
      "type": "aws_codebuild_project",
      "name": "build_project",
      "provider": "provider[\"registry.terraform.io/hashicorp/aws\"]",
      "instances": [
        {
          "schema_version": 0,
          "attributes": {
            "arn": "arn:aws:codebuild:eu-central-1:918747151581:project/my-build-project",
            "artifacts": [
              {
                "artifact_identifier": "",
                "bucket_owner_access": "",
                "encryption_disabled": false,
                "location": "",
                "name": "my-build-project",
                "namespace_type": "",
                "override_artifact_name": false,
                "packaging": "NONE",
                "path": "",
                "type": "CODEPIPELINE"
              }
            ],
            "badge_enabled": false,
            "badge_url": "",
            "build_batch_config": [],
            "build_timeout": 5,
            "cache": [
              {
                "location": "",
                "modes": [],
                "type": "NO_CACHE"
              }
            ],
            "concurrent_build_limit": 0,
            "description": "My build project",
            "encryption_key": "arn:aws:kms:eu-central-1:918747151581:alias/aws/s3",
            "environment": [
              {
                "certificate": "",
                "compute_type": "BUILD_GENERAL1_SMALL",
                "environment_variable": [],
                "image": "aws/codebuild/python:3.7.1",
                "image_pull_credentials_type": "CODEBUILD",
                "privileged_mode": false,
                "registry_credential": [],
                "type": "LINUX_CONTAINER"
              }
            ],
            "file_system_locations": [],
            "id": "arn:aws:codebuild:eu-central-1:918747151581:project/my-build-project",
            "logs_config": [
              {
                "cloudwatch_logs": [
                  {
                    "group_name": "",
                    "status": "ENABLED",
                    "stream_name": ""
                  }
                ],
                "s3_logs": [
                  {
                    "bucket_owner_access": "",
                    "encryption_disabled": false,
                    "location": "",
                    "status": "DISABLED"
                  }
                ]
              }
            ],
            "name": "my-build-project",
            "project_visibility": "PRIVATE",
            "public_project_alias": "",
            "queued_timeout": 480,
            "resource_access_role": "",
            "secondary_artifacts": [],
            "secondary_source_version": [],
            "secondary_sources": [],
            "service_role": "arn:aws:iam::918747151581:role/codebuild-role-new",
            "source": [
              {
                "build_status_config": [],
                "buildspec": "version: 0.2\n\nphases:\n  install:\n    runtime-versions:\n      python: 3.8\n    commands:\n      - echo Upgrading pip...\n      - pip install --upgrade pip\n      - echo Installing dependencies...\n      - pip install -r requirements.txt\n      - pip install pytest\n      - pip install jinja2 --upgrade\n  build:\n    commands:\n      - echo Build started on `date`\n      - echo Building the Flask app...\n  post_build:\n    commands:\n      - echo Build completed on `date`\n      - echo Running tests...\n      - pytest",
                "git_clone_depth": 0,
                "git_submodules_config": [],
                "insecure_ssl": false,
                "location": "",
                "report_build_status": false,
                "type": "CODEPIPELINE"
              }
            ],
            "source_version": "",
            "tags": {},
            "tags_all": {},
            "vpc_config": []
          },
          "sensitive_attributes": [],
          "private": "bnVsbA==",
          "dependencies": [
            "aws_iam_role.codebuild_role"
          ]
        }
      ]
    },
    {
      "mode": "managed",
      "type": "aws_codepipeline",
      "name": "pipeline",
      "provider": "provider[\"registry.terraform.io/hashicorp/aws\"]",
      "instances": [
        {
          "schema_version": 0,
          "attributes": {
            "arn": "arn:aws:codepipeline:eu-central-1:918747151581:my-pipeline",
            "artifact_store": [
              {
                "encryption_key": [],
                "location": "techstarter-robust-ant",
                "region": "",
                "type": "S3"
              }
            ],
            "id": "my-pipeline",
            "name": "my-pipeline",
            "pipeline_type": "V1",
            "role_arn": "arn:aws:iam::918747151581:role/pipeline-role-new",
            "stage": [
              {
                "action": [
                  {
                    "category": "Source",
                    "configuration": {
                      "BranchName": "main",
                      "ConnectionArn": "arn:aws:codestar-connections:eu-central-1:918747151581:connection/848a4ac5-9053-43b5-8e42-efa5929bc99b",
                      "FullRepositoryId": "Lev2607/iac-pipeline-python_app"
                    },
                    "input_artifacts": [],
                    "name": "Source",
                    "namespace": "",
                    "output_artifacts": [
                      "source_output"
                    ],
                    "owner": "AWS",
                    "provider": "CodeStarSourceConnection",
                    "region": "",
                    "role_arn": "",
                    "run_order": 1,
                    "version": "1"
                  }
                ],
                "name": "Source"
              },
              {
                "action": [
                  {
                    "category": "Build",
                    "configuration": {
                      "ProjectName": "my-build-project"
                    },
                    "input_artifacts": [
                      "source_output"
                    ],
                    "name": "Build",
                    "namespace": "",
                    "output_artifacts": [],
                    "owner": "AWS",
                    "provider": "CodeBuild",
                    "region": "",
                    "role_arn": "",
                    "run_order": 1,
                    "version": "1"
                  }
                ],
                "name": "Build"
              }
            ],
            "tags": {},
            "tags_all": {},
            "variable": []
          },
          "sensitive_attributes": [],
          "private": "bnVsbA==",
          "dependencies": [
            "aws_codebuild_project.build_project",
            "aws_codestarconnections_connection.GitHub",
            "aws_iam_role.codebuild_role",
            "aws_iam_role.pipeline",
            "aws_s3_bucket.artifact_store",
            "random_pet.bucket_suffix"
          ]
        }
      ]
    },
    {
      "mode": "managed",
      "type": "aws_codestarconnections_connection",
      "name": "GitHub",
      "provider": "provider[\"registry.terraform.io/hashicorp/aws\"]",
      "instances": [
        {
          "schema_version": 0,
          "attributes": {
            "arn": "arn:aws:codestar-connections:eu-central-1:918747151581:connection/848a4ac5-9053-43b5-8e42-efa5929bc99b",
            "connection_status": "AVAILABLE",
            "host_arn": "",
            "id": "arn:aws:codestar-connections:eu-central-1:918747151581:connection/848a4ac5-9053-43b5-8e42-efa5929bc99b",
            "name": "my-github-connection",
            "provider_type": "GitHub",
            "tags": {},
            "tags_all": {}
          },
          "sensitive_attributes": [],
          "private": "bnVsbA=="
        }
      ]
    },
    {
      "mode": "managed",
      "type": "aws_iam_policy",
      "name": "codebuild",
      "provider": "provider[\"registry.terraform.io/hashicorp/aws\"]",
      "instances": [
        {
          "schema_version": 0,
          "attributes": {
            "arn": "arn:aws:iam::918747151581:policy/CodeBuildPolicy-new",
            "description": "A policy that allows starting builds in CodeBuild",
            "id": "arn:aws:iam::918747151581:policy/CodeBuildPolicy-new",
            "name": "CodeBuildPolicy-new",
            "name_prefix": "",
            "path": "/",
            "policy": "{\"Statement\":[{\"Action\":\"codebuild:StartBuild\",\"Effect\":\"Allow\",\"Resource\":\"*\"},{\"Action\":\"codebuild:BatchGetBuilds\",\"Effect\":\"Allow\",\"Resource\":\"*\"}],\"Version\":\"2012-10-17\"}",
            "policy_id": "ANPA5L2MY7TOUDQELPHHH",
            "tags": {},
            "tags_all": {}
          },
          "sensitive_attributes": [],
          "private": "bnVsbA=="
        }
      ]
    },
    {
      "mode": "managed",
      "type": "aws_iam_policy",
      "name": "codebuild_logs",
      "provider": "provider[\"registry.terraform.io/hashicorp/aws\"]",
      "instances": [
        {
          "schema_version": 0,
          "attributes": {
            "arn": "arn:aws:iam::918747151581:policy/CodeBuildLogsPolicy-new",
            "description": "A policy that allows CodeBuild to create log streams in CloudWatch Logs",
            "id": "arn:aws:iam::918747151581:policy/CodeBuildLogsPolicy-new",
            "name": "CodeBuildLogsPolicy-new",
            "name_prefix": "",
            "path": "/",
            "policy": "{\"Statement\":[{\"Action\":\"logs:CreateLogStream\",\"Effect\":\"Allow\",\"Resource\":\"*\"},{\"Action\":\"logs:CreateLogGroup\",\"Effect\":\"Allow\",\"Resource\":\"*\"},{\"Action\":\"logs:PutLogEvents\",\"Effect\":\"Allow\",\"Resource\":\"*\"}],\"Version\":\"2012-10-17\"}",
            "policy_id": "ANPA5L2MY7TO6UKOWSUZB",
            "tags": {},
            "tags_all": {}
          },
          "sensitive_attributes": [],
          "private": "bnVsbA=="
        }
      ]
    },
    {
      "mode": "managed",
      "type": "aws_iam_policy",
      "name": "codebuild_s3",
      "provider": "provider[\"registry.terraform.io/hashicorp/aws\"]",
      "instances": [
        {
          "schema_version": 0,
          "attributes": {
            "arn": "arn:aws:iam::918747151581:policy/CodeBuildS3Policy-new",
            "description": "A policy that allows CodeBuild to download source code from S3",
            "id": "arn:aws:iam::918747151581:policy/CodeBuildS3Policy-new",
            "name": "CodeBuildS3Policy-new",
            "name_prefix": "",
            "path": "/",
            "policy": "{\"Statement\":[{\"Action\":[\"s3:GetObject\",\"s3:GetObjectVersion\"],\"Effect\":\"Allow\",\"Resource\":\"*\"}],\"Version\":\"2012-10-17\"}",
            "policy_id": "ANPA5L2MY7TOV4BOVHZFY",
            "tags": {},
            "tags_all": {}
          },
          "sensitive_attributes": [],
          "private": "bnVsbA=="
        }
      ]
    },
    {
      "mode": "managed",
      "type": "aws_iam_policy",
      "name": "codebuild_startbuild",
      "provider": "provider[\"registry.terraform.io/hashicorp/aws\"]",
      "instances": [
        {
          "schema_version": 0,
          "attributes": {
            "arn": "arn:aws:iam::918747151581:policy/codebuild_startbuild_policy",
            "description": "Allows CodeBuild StartBuild action",
            "id": "arn:aws:iam::918747151581:policy/codebuild_startbuild_policy",
            "name": "codebuild_startbuild_policy",
            "name_prefix": "",
            "path": "/",
            "policy": "{\"Statement\":[{\"Action\":\"codebuild:StartBuild\",\"Effect\":\"Allow\",\"Resource\":\"*\"}],\"Version\":\"2012-10-17\"}",
            "policy_id": "ANPA5L2MY7TOQCO7HQRJE",
            "tags": {},
            "tags_all": {}
          },
          "sensitive_attributes": [],
          "private": "bnVsbA=="
        }
      ]
    },
    {
      "mode": "managed",
      "type": "aws_iam_policy",
      "name": "codestar_connections",
      "provider": "provider[\"registry.terraform.io/hashicorp/aws\"]",
      "instances": [
        {
          "schema_version": 0,
          "attributes": {
            "arn": "arn:aws:iam::918747151581:policy/CodeStarConnectionsPolicy-new",
            "description": "A policy that allows CodePipeline to use CodeStar Connections",
            "id": "arn:aws:iam::918747151581:policy/CodeStarConnectionsPolicy-new",
            "name": "CodeStarConnectionsPolicy-new",
            "name_prefix": "",
            "path": "/",
            "policy": "{\"Statement\":[{\"Action\":\"codestar-connections:UseConnection\",\"Effect\":\"Allow\",\"Resource\":\"*\"}],\"Version\":\"2012-10-17\"}",
            "policy_id": "ANPA5L2MY7TO2UNXELGLN",
            "tags": {},
            "tags_all": {}
          },
          "sensitive_attributes": [],
          "private": "bnVsbA=="
        }
      ]
    },
    {
      "mode": "managed",
      "type": "aws_iam_policy",
      "name": "s3",
      "provider": "provider[\"registry.terraform.io/hashicorp/aws\"]",
      "instances": [
        {
          "schema_version": 0,
          "attributes": {
            "arn": "arn:aws:iam::918747151581:policy/S3Policy-new",
            "description": "A policy that allows uploading to S3",
            "id": "arn:aws:iam::918747151581:policy/S3Policy-new",
            "name": "S3Policy-new",
            "name_prefix": "",
            "path": "/",
            "policy": "{\"Statement\":[{\"Action\":\"s3:PutObject\",\"Effect\":\"Allow\",\"Resource\":\"arn:aws:s3:::*/*\"}],\"Version\":\"2012-10-17\"}",
            "policy_id": "ANPA5L2MY7TOULGJMTI7Q",
            "tags": {},
            "tags_all": {}
          },
          "sensitive_attributes": [],
          "private": "bnVsbA=="
        }
      ]
    },
    {
      "mode": "managed",
      "type": "aws_iam_role",
      "name": "codebuild_role",
      "provider": "provider[\"registry.terraform.io/hashicorp/aws\"]",
      "instances": [
        {
          "schema_version": 0,
          "attributes": {
            "arn": "arn:aws:iam::918747151581:role/codebuild-role-new",
            "assume_role_policy": "{\"Statement\":[{\"Action\":\"sts:AssumeRole\",\"Effect\":\"Allow\",\"Principal\":{\"Service\":\"codebuild.amazonaws.com\"},\"Sid\":\"\"}],\"Version\":\"2012-10-17\"}",
            "create_date": "2024-02-14T11:11:05Z",
            "description": "",
            "force_detach_policies": false,
            "id": "codebuild-role-new",
            "inline_policy": [],
            "managed_policy_arns": [
              "arn:aws:iam::918747151581:policy/CodeBuildLogsPolicy-new",
              "arn:aws:iam::918747151581:policy/CodeBuildS3Policy-new"
            ],
            "max_session_duration": 3600,
            "name": "codebuild-role-new",
            "name_prefix": "",
            "path": "/",
            "permissions_boundary": "",
            "tags": {},
            "tags_all": {},
            "unique_id": "AROA5L2MY7TO6CLLEQE4Q"
          },
          "sensitive_attributes": [],
          "private": "bnVsbA=="
        }
      ]
    },
    {
      "mode": "managed",
      "type": "aws_iam_role",
      "name": "pipeline",
      "provider": "provider[\"registry.terraform.io/hashicorp/aws\"]",
      "instances": [
        {
          "schema_version": 0,
          "attributes": {
            "arn": "arn:aws:iam::918747151581:role/pipeline-role-new",
            "assume_role_policy": "{\"Statement\":[{\"Action\":\"sts:AssumeRole\",\"Effect\":\"Allow\",\"Principal\":{\"Service\":\"codepipeline.amazonaws.com\"},\"Sid\":\"\"}],\"Version\":\"2012-10-17\"}",
            "create_date": "2024-02-14T11:11:05Z",
            "description": "",
            "force_detach_policies": false,
            "id": "pipeline-role-new",
            "inline_policy": [],
            "managed_policy_arns": [
              "arn:aws:iam::918747151581:policy/CodeStarConnectionsPolicy-new",
              "arn:aws:iam::918747151581:policy/S3Policy-new",
              "arn:aws:iam::918747151581:policy/codebuild_startbuild_policy"
            ],
            "max_session_duration": 3600,
            "name": "pipeline-role-new",
            "name_prefix": "",
            "path": "/",
            "permissions_boundary": "",
            "tags": {},
            "tags_all": {},
            "unique_id": "AROA5L2MY7TOYFCHC4XFQ"
          },
          "sensitive_attributes": [],
          "private": "bnVsbA=="
        }
      ]
    },
    {
      "mode": "managed",
      "type": "aws_iam_role_policy_attachment",
      "name": "codebuild_logs",
      "provider": "provider[\"registry.terraform.io/hashicorp/aws\"]",
      "instances": [
        {
          "schema_version": 0,
          "attributes": {
            "id": "codebuild-role-new-20240214111105572800000003",
            "policy_arn": "arn:aws:iam::918747151581:policy/CodeBuildLogsPolicy-new",
            "role": "codebuild-role-new"
          },
          "sensitive_attributes": [],
          "private": "bnVsbA==",
          "dependencies": [
            "aws_iam_policy.codebuild_logs",
            "aws_iam_role.codebuild_role"
          ]
        }
      ]
    },
    {
      "mode": "managed",
      "type": "aws_iam_role_policy_attachment",
      "name": "codebuild_s3",
      "provider": "provider[\"registry.terraform.io/hashicorp/aws\"]",
      "instances": [
        {
          "schema_version": 0,
          "attributes": {
            "id": "codebuild-role-new-20240214111105573400000004",
            "policy_arn": "arn:aws:iam::918747151581:policy/CodeBuildS3Policy-new",
            "role": "codebuild-role-new"
          },
          "sensitive_attributes": [],
          "private": "bnVsbA==",
          "dependencies": [
            "aws_iam_policy.codebuild_s3",
            "aws_iam_role.codebuild_role"
          ]
        }
      ]
    },
    {
      "mode": "managed",
      "type": "aws_iam_role_policy_attachment",
      "name": "codestar_connections",
      "provider": "provider[\"registry.terraform.io/hashicorp/aws\"]",
      "instances": [
        {
          "schema_version": 0,
          "attributes": {
            "id": "pipeline-role-new-20240214111105542000000001",
            "policy_arn": "arn:aws:iam::918747151581:policy/CodeStarConnectionsPolicy-new",
            "role": "pipeline-role-new"
          },
          "sensitive_attributes": [],
          "private": "bnVsbA==",
          "dependencies": [
            "aws_iam_policy.codestar_connections",
            "aws_iam_role.pipeline"
          ]
        }
      ]
    },
    {
      "mode": "managed",
      "type": "aws_iam_role_policy_attachment",
      "name": "pipeline_codebuild_startbuild",
      "provider": "provider[\"registry.terraform.io/hashicorp/aws\"]",
      "instances": [
        {
          "schema_version": 0,
          "attributes": {
            "id": "pipeline-role-new-20240214112929429200000001",
            "policy_arn": "arn:aws:iam::918747151581:policy/codebuild_startbuild_policy",
            "role": "pipeline-role-new"
          },
          "sensitive_attributes": [],
          "private": "bnVsbA==",
          "dependencies": [
            "aws_iam_policy.codebuild_startbuild",
            "aws_iam_role.pipeline"
          ]
        }
      ]
    },
    {
      "mode": "managed",
      "type": "aws_iam_role_policy_attachment",
      "name": "s3",
      "provider": "provider[\"registry.terraform.io/hashicorp/aws\"]",
      "instances": [
        {
          "schema_version": 0,
          "attributes": {
            "id": "pipeline-role-new-20240214111105542400000002",
            "policy_arn": "arn:aws:iam::918747151581:policy/S3Policy-new",
            "role": "pipeline-role-new"
          },
          "sensitive_attributes": [],
          "private": "bnVsbA==",
          "dependencies": [
            "aws_iam_policy.s3",
            "aws_iam_role.pipeline"
          ]
        }
      ]
    },
    {
      "mode": "managed",
      "type": "aws_s3_bucket",
      "name": "artifact_store",
      "provider": "provider[\"registry.terraform.io/hashicorp/aws\"]",
      "instances": [
        {
          "schema_version": 0,
          "attributes": {
            "acceleration_status": "",
            "acl": null,
            "arn": "arn:aws:s3:::techstarter-robust-ant",
            "bucket": "techstarter-robust-ant",
            "bucket_domain_name": "techstarter-robust-ant.s3.amazonaws.com",
            "bucket_prefix": "",
            "bucket_regional_domain_name": "techstarter-robust-ant.s3.eu-central-1.amazonaws.com",
            "cors_rule": [],
            "force_destroy": false,
            "grant": [
              {
                "id": "e4a7b59833fb76b760b101050a890eb764d34198383c940b73829c09aaff8a6e",
                "permissions": [
                  "FULL_CONTROL"
                ],
                "type": "CanonicalUser",
                "uri": ""
              }
            ],
            "hosted_zone_id": "Z21DNDUVLTQW6Q",
            "id": "techstarter-robust-ant",
            "lifecycle_rule": [],
            "logging": [],
            "object_lock_configuration": [],
            "object_lock_enabled": false,
            "policy": "",
            "region": "eu-central-1",
            "replication_configuration": [],
            "request_payer": "BucketOwner",
            "server_side_encryption_configuration": [
              {
                "rule": [
                  {
                    "apply_server_side_encryption_by_default": [
                      {
                        "kms_master_key_id": "",
                        "sse_algorithm": "AES256"
                      }
                    ],
                    "bucket_key_enabled": false
                  }
                ]
              }
            ],
            "tags": {},
            "tags_all": {},
            "timeouts": null,
            "versioning": [
              {
                "enabled": false,
                "mfa_delete": false
              }
            ],
            "website": [],
            "website_domain": null,
            "website_endpoint": null
          },
          "sensitive_attributes": [],
          "private": "eyJlMmJmYjczMC1lY2FhLTExZTYtOGY4OC0zNDM2M2JjN2M0YzAiOnsiY3JlYXRlIjoxMjAwMDAwMDAwMDAwLCJkZWxldGUiOjM2MDAwMDAwMDAwMDAsInJlYWQiOjEyMDAwMDAwMDAwMDAsInVwZGF0ZSI6MTIwMDAwMDAwMDAwMH19",
          "dependencies": [
            "random_pet.bucket_suffix"
          ]
        }
      ]
    },
    {
      "mode": "managed",
      "type": "random_pet",
      "name": "bucket_suffix",
      "provider": "provider[\"registry.terraform.io/hashicorp/random\"]",
      "instances": [
        {
          "schema_version": 0,
          "attributes": {
            "id": "techstarter-robust-ant",
            "keepers": null,
            "length": 2,
            "prefix": "techstarter",
            "separator": "-"
          },
          "sensitive_attributes": []
        }
      ]
    }
  ],
  "check_results": null
}
